
Microsoft Visual Studio Solution File, Format Version 12.00
# Visual Studio Version 17
VisualStudioVersion = 17.0.31903.59
MinimumVisualStudioVersion = 10.0.40219.1
Project("{FAE04EC0-301F-11D3-BF4B-00C04F79EFBC}") = "API", "API\API.csproj", "{A1513EA6-FD98-4428-B5CD-984FCE3E0D9D}"
EndProject
Project("{FAE04EC0-301F-11D3-BF4B-00C04F79EFBC}") = "Application", "Application\Application.csproj", "{5888A9E2-04EE-450B-B1E8-171E448BB314}"
EndProject
Project("{FAE04EC0-301F-11D3-BF4B-00C04F79EFBC}") = "Domain", "Domain\Domain.csproj", "{7FFA0BAF-A7DE-4252-AF51-314430D4FD7D}"
EndProject
Project("{FAE04EC0-301F-11D3-BF4B-00C04F79EFBC}") = "Persistence", "Persistence\Persistence.csproj", "{06B4B69C-F61B-46CC-816A-8D5588FB8C58}"
EndProject
Global
	GlobalSection(SolutionConfigurationPlatforms) = preSolution
		Debug|Any CPU = Debug|Any CPU
		Release|Any CPU = Release|Any CPU
	EndGlobalSection
	GlobalSection(SolutionProperties) = preSolution
		HideSolutionNode = FALSE
	EndGlobalSection
	GlobalSection(ProjectConfigurationPlatforms) = postSolution
		{A1513EA6-FD98-4428-B5CD-984FCE3E0D9D}.Debug|Any CPU.ActiveCfg = Debug|Any CPU
		{A1513EA6-FD98-4428-B5CD-984FCE3E0D9D}.Debug|Any CPU.Build.0 = Debug|Any CPU
		{A1513EA6-FD98-4428-B5CD-984FCE3E0D9D}.Release|Any CPU.ActiveCfg = Release|Any CPU
		{A1513EA6-FD98-4428-B5CD-984FCE3E0D9D}.Release|Any CPU.Build.0 = Release|Any CPU
		{5888A9E2-04EE-450B-B1E8-171E448BB314}.Debug|Any CPU.ActiveCfg = Debug|Any CPU
		{5888A9E2-04EE-450B-B1E8-171E448BB314}.Debug|Any CPU.Build.0 = Debug|Any CPU
		{5888A9E2-04EE-450B-B1E8-171E448BB314}.Release|Any CPU.ActiveCfg = Release|Any CPU
		{5888A9E2-04EE-450B-B1E8-171E448BB314}.Release|Any CPU.Build.0 = Release|Any CPU
		{7FFA0BAF-A7DE-4252-AF51-314430D4FD7D}.Debug|Any CPU.ActiveCfg = Debug|Any CPU
		{7FFA0BAF-A7DE-4252-AF51-314430D4FD7D}.Debug|Any CPU.Build.0 = Debug|Any CPU
		{7FFA0BAF-A7DE-4252-AF51-314430D4FD7D}.Release|Any CPU.ActiveCfg = Release|Any CPU
		{7FFA0BAF-A7DE-4252-AF51-314430D4FD7D}.Release|Any CPU.Build.0 = Release|Any CPU
		{06B4B69C-F61B-46CC-816A-8D5588FB8C58}.Debug|Any CPU.ActiveCfg = Debug|Any CPU
		{06B4B69C-F61B-46CC-816A-8D5588FB8C58}.Debug|Any CPU.Build.0 = Debug|Any CPU
		{06B4B69C-F61B-46CC-816A-8D5588FB8C58}.Release|Any CPU.ActiveCfg = Release|Any CPU
		{06B4B69C-F61B-46CC-816A-8D5588FB8C58}.Release|Any CPU.Build.0 = Release|Any CPU
	EndGlobalSection
EndGlobal
